
Microsoft Visual Studio Solution File, Format Version 12.00
# Visual Studio Version 17
VisualStudioVersion = 17.7.34221.43
MinimumVisualStudioVersion = 10.0.40219.1
Project("{F184B08F-C81C-45F6-A57F-5ABD9991F28F}") = "Finals Final", "Finals Final.vbproj", "{C2710427-E1BB-497E-8E6E-56FEC5A09428}"
EndProject
Global
	GlobalSection(SolutionConfigurationPlatforms) = preSolution
		Debug|Any CPU = Debug|Any CPU
		Release|Any CPU = Release|Any CPU
	EndGlobalSection
	GlobalSection(ProjectConfigurationPlatforms) = postSolution
		{C2710427-E1BB-497E-8E6E-56FEC5A09428}.Debug|Any CPU.ActiveCfg = Debug|Any CPU
		{C2710427-E1BB-497E-8E6E-56FEC5A09428}.Debug|Any CPU.Build.0 = Debug|Any CPU
		{C2710427-E1BB-497E-8E6E-56FEC5A09428}.Release|Any CPU.ActiveCfg = Release|Any CPU
		{C2710427-E1BB-497E-8E6E-56FEC5A09428}.Release|Any CPU.Build.0 = Release|Any CPU
	EndGlobalSection
	GlobalSection(SolutionProperties) = preSolution
		HideSolutionNode = FALSE
	EndGlobalSection
	GlobalSection(ExtensibilityGlobals) = postSolution
		SolutionGuid = {5DBCAA8C-EAA3-455A-BC8E-E901A571138E}
	EndGlobalSection
EndGlobal
